
Microsoft Visual Studio Solution File, Format Version 10.00
# Visual C# Express 2008
Project("{FAE04EC0-301F-11D3-BF4B-00C04F79EFBC}") = "FlickrSync", "FlickrSync.csproj", "{49A31133-1AC6-48A9-AE88-E3B3214B573C}"
EndProject
Global
	GlobalSection(SolutionConfigurationPlatforms) = preSolution
		Debug|Any CPU = Debug|Any CPU
		Release|Any CPU = Release|Any CPU
	EndGlobalSection
	GlobalSection(ProjectConfigurationPlatforms) = postSolution
		{49A31133-1AC6-48A9-AE88-E3B3214B573C}.Debug|Any CPU.ActiveCfg = Debug|Any CPU
		{49A31133-1AC6-48A9-AE88-E3B3214B573C}.Debug|Any CPU.Build.0 = Debug|Any CPU
		{49A31133-1AC6-48A9-AE88-E3B3214B573C}.Release|Any CPU.ActiveCfg = Release|Any CPU
		{49A31133-1AC6-48A9-AE88-E3B3214B573C}.Release|Any CPU.Build.0 = Release|Any CPU
	EndGlobalSection
	GlobalSection(SolutionProperties) = preSolution
		HideSolutionNode = FALSE
	EndGlobalSection
EndGlobal
